
Microsoft Visual Studio Solution File, Format Version 12.00
# Visual Studio 15
VisualStudioVersion = 15.0.27004.2005
MinimumVisualStudioVersion = 10.0.40219.1
Project("{FAE04EC0-301F-11D3-BF4B-00C04F79EFBC}") = "CoinPortal.Business", "CoinPortal.Business\CoinPortal.Business.csproj", "{F70570AF-F5B9-4190-8034-A59AB1E65005}"
EndProject
Project("{FAE04EC0-301F-11D3-BF4B-00C04F79EFBC}") = "CoinPortal.Web", "CoinPortal.Web\CoinPortal.Web.csproj", "{2290350A-C89B-43F4-A648-6B87E2AA584A}"
EndProject
Project("{FAE04EC0-301F-11D3-BF4B-00C04F79EFBC}") = "CoinPortal.Service", "CoinPortal.Service\CoinPortal.Service.csproj", "{6DB34360-4DE5-43B7-B4C9-19B08E21D284}"
EndProject
Project("{FAE04EC0-301F-11D3-BF4B-00C04F79EFBC}") = "_ConsoleTest", "_ConsoleTest\_ConsoleTest.csproj", "{F4D414B7-3681-4527-88EB-115A83C6BDBC}"
EndProject
Global
	GlobalSection(SolutionConfigurationPlatforms) = preSolution
		Debug|Any CPU = Debug|Any CPU
		Release|Any CPU = Release|Any CPU
	EndGlobalSection
	GlobalSection(ProjectConfigurationPlatforms) = postSolution
		{F70570AF-F5B9-4190-8034-A59AB1E65005}.Debug|Any CPU.ActiveCfg = Debug|Any CPU
		{F70570AF-F5B9-4190-8034-A59AB1E65005}.Debug|Any CPU.Build.0 = Debug|Any CPU
		{F70570AF-F5B9-4190-8034-A59AB1E65005}.Release|Any CPU.ActiveCfg = Release|Any CPU
		{F70570AF-F5B9-4190-8034-A59AB1E65005}.Release|Any CPU.Build.0 = Release|Any CPU
		{2290350A-C89B-43F4-A648-6B87E2AA584A}.Debug|Any CPU.ActiveCfg = Debug|Any CPU
		{2290350A-C89B-43F4-A648-6B87E2AA584A}.Debug|Any CPU.Build.0 = Debug|Any CPU
		{2290350A-C89B-43F4-A648-6B87E2AA584A}.Release|Any CPU.ActiveCfg = Release|Any CPU
		{2290350A-C89B-43F4-A648-6B87E2AA584A}.Release|Any CPU.Build.0 = Release|Any CPU
		{6DB34360-4DE5-43B7-B4C9-19B08E21D284}.Debug|Any CPU.ActiveCfg = Debug|Any CPU
		{6DB34360-4DE5-43B7-B4C9-19B08E21D284}.Debug|Any CPU.Build.0 = Debug|Any CPU
		{6DB34360-4DE5-43B7-B4C9-19B08E21D284}.Release|Any CPU.ActiveCfg = Release|Any CPU
		{6DB34360-4DE5-43B7-B4C9-19B08E21D284}.Release|Any CPU.Build.0 = Release|Any CPU
		{F4D414B7-3681-4527-88EB-115A83C6BDBC}.Debug|Any CPU.ActiveCfg = Debug|Any CPU
		{F4D414B7-3681-4527-88EB-115A83C6BDBC}.Debug|Any CPU.Build.0 = Debug|Any CPU
		{F4D414B7-3681-4527-88EB-115A83C6BDBC}.Release|Any CPU.ActiveCfg = Release|Any CPU
		{F4D414B7-3681-4527-88EB-115A83C6BDBC}.Release|Any CPU.Build.0 = Release|Any CPU
	EndGlobalSection
	GlobalSection(SolutionProperties) = preSolution
		HideSolutionNode = FALSE
	EndGlobalSection
	GlobalSection(ExtensibilityGlobals) = postSolution
		SolutionGuid = {14295C86-208D-4AE0-9EC6-C40976F2C355}
	EndGlobalSection
EndGlobal
